
Microsoft Visual Studio Solution File, Format Version 12.00
# Visual Studio Version 16
VisualStudioVersion = 16.0.29806.167
MinimumVisualStudioVersion = 10.0.40219.1
Project("{9A19103F-16F7-4668-BE54-9A1E7A4F7556}") = "Lpg.App", "Lpg.App\Lpg.App.csproj", "{DA716E41-92A0-42A6-962B-4270C1F53419}"
EndProject
Project("{9A19103F-16F7-4668-BE54-9A1E7A4F7556}") = "Lpg.Data", "Lpg.Data\Lpg.Data.csproj", "{4E81C442-4543-4E89-8D0B-FB2E2373A8E2}"
EndProject
Global
	GlobalSection(SolutionConfigurationPlatforms) = preSolution
		Debug|Any CPU = Debug|Any CPU
		Release|Any CPU = Release|Any CPU
	EndGlobalSection
	GlobalSection(ProjectConfigurationPlatforms) = postSolution
		{DA716E41-92A0-42A6-962B-4270C1F53419}.Debug|Any CPU.ActiveCfg = Debug|Any CPU
		{DA716E41-92A0-42A6-962B-4270C1F53419}.Debug|Any CPU.Build.0 = Debug|Any CPU
		{DA716E41-92A0-42A6-962B-4270C1F53419}.Release|Any CPU.ActiveCfg = Release|Any CPU
		{DA716E41-92A0-42A6-962B-4270C1F53419}.Release|Any CPU.Build.0 = Release|Any CPU
		{4E81C442-4543-4E89-8D0B-FB2E2373A8E2}.Debug|Any CPU.ActiveCfg = Debug|Any CPU
		{4E81C442-4543-4E89-8D0B-FB2E2373A8E2}.Debug|Any CPU.Build.0 = Debug|Any CPU
		{4E81C442-4543-4E89-8D0B-FB2E2373A8E2}.Release|Any CPU.ActiveCfg = Release|Any CPU
		{4E81C442-4543-4E89-8D0B-FB2E2373A8E2}.Release|Any CPU.Build.0 = Release|Any CPU
	EndGlobalSection
	GlobalSection(SolutionProperties) = preSolution
		HideSolutionNode = FALSE
	EndGlobalSection
	GlobalSection(ExtensibilityGlobals) = postSolution
		SolutionGuid = {BC005A3D-1F12-43FC-83E5-8DD1C8A50725}
	EndGlobalSection
EndGlobal
